
Microsoft Visual Studio Solution File, Format Version 12.00
# Visual Studio 15
Project("{8BC9CEB8-8B4A-11D0-8D11-00A0C91BC942}") = "Altair", "Altair\Altair.vcxproj", "{A2F261A7-8E94-8C7D-774F-A0D1639013CE}"
EndProject
Project("{8BC9CEB8-8B4A-11D0-8D11-00A0C91BC942}") = "GoogleTest", "GoogleTest\GoogleTest.vcxproj", "{A2790B43-8E31-4D90-F738-26ECE30FE880}"
EndProject
Project("{8BC9CEB8-8B4A-11D0-8D11-00A0C91BC942}") = "System", "System\System.vcxproj", "{6AD049D2-5672-74A8-3F2D-88FC2B6EFBF8}"
EndProject
Project("{8BC9CEB8-8B4A-11D0-8D11-00A0C91BC942}") = "UnitTest", "UnitTest\UnitTest.vcxproj", "{E5A465FE-D171-C009-FA8A-AEB1E6B6F597}"
EndProject
Global
	GlobalSection(SolutionConfigurationPlatforms) = preSolution
		Debug|x64 = Debug|x64
		Distribution|x64 = Distribution|x64
		Release|x64 = Release|x64
	EndGlobalSection
	GlobalSection(ProjectConfigurationPlatforms) = postSolution
		{A2F261A7-8E94-8C7D-774F-A0D1639013CE}.Debug|x64.ActiveCfg = Debug|x64
		{A2F261A7-8E94-8C7D-774F-A0D1639013CE}.Debug|x64.Build.0 = Debug|x64
		{A2F261A7-8E94-8C7D-774F-A0D1639013CE}.Distribution|x64.ActiveCfg = Distribution|x64
		{A2F261A7-8E94-8C7D-774F-A0D1639013CE}.Distribution|x64.Build.0 = Distribution|x64
		{A2F261A7-8E94-8C7D-774F-A0D1639013CE}.Release|x64.ActiveCfg = Release|x64
		{A2F261A7-8E94-8C7D-774F-A0D1639013CE}.Release|x64.Build.0 = Release|x64
		{A2790B43-8E31-4D90-F738-26ECE30FE880}.Debug|x64.ActiveCfg = Debug|x64
		{A2790B43-8E31-4D90-F738-26ECE30FE880}.Debug|x64.Build.0 = Debug|x64
		{A2790B43-8E31-4D90-F738-26ECE30FE880}.Distribution|x64.ActiveCfg = Distribution|x64
		{A2790B43-8E31-4D90-F738-26ECE30FE880}.Distribution|x64.Build.0 = Distribution|x64
		{A2790B43-8E31-4D90-F738-26ECE30FE880}.Release|x64.ActiveCfg = Release|x64
		{A2790B43-8E31-4D90-F738-26ECE30FE880}.Release|x64.Build.0 = Release|x64
		{6AD049D2-5672-74A8-3F2D-88FC2B6EFBF8}.Debug|x64.ActiveCfg = Debug|x64
		{6AD049D2-5672-74A8-3F2D-88FC2B6EFBF8}.Debug|x64.Build.0 = Debug|x64
		{6AD049D2-5672-74A8-3F2D-88FC2B6EFBF8}.Distribution|x64.ActiveCfg = Distribution|x64
		{6AD049D2-5672-74A8-3F2D-88FC2B6EFBF8}.Distribution|x64.Build.0 = Distribution|x64
		{6AD049D2-5672-74A8-3F2D-88FC2B6EFBF8}.Release|x64.ActiveCfg = Release|x64
		{6AD049D2-5672-74A8-3F2D-88FC2B6EFBF8}.Release|x64.Build.0 = Release|x64
		{E5A465FE-D171-C009-FA8A-AEB1E6B6F597}.Debug|x64.ActiveCfg = Debug|x64
		{E5A465FE-D171-C009-FA8A-AEB1E6B6F597}.Debug|x64.Build.0 = Debug|x64
		{E5A465FE-D171-C009-FA8A-AEB1E6B6F597}.Distribution|x64.ActiveCfg = Distribution|x64
		{E5A465FE-D171-C009-FA8A-AEB1E6B6F597}.Distribution|x64.Build.0 = Distribution|x64
		{E5A465FE-D171-C009-FA8A-AEB1E6B6F597}.Release|x64.ActiveCfg = Release|x64
		{E5A465FE-D171-C009-FA8A-AEB1E6B6F597}.Release|x64.Build.0 = Release|x64
	EndGlobalSection
	GlobalSection(SolutionProperties) = preSolution
		HideSolutionNode = FALSE
	EndGlobalSection
EndGlobal
