<?xml version="1.0" encoding="utf-8"?>
<Project ToolsVersion="4.0" xmlns="http://schemas.microsoft.com/developer/msbuild/2003">
  <ItemGroup>
    <Filter Include="Altair">
      <UniqueIdentifier>{A2F261A7-8E94-8C7D-774F-A0D1639013CE}</UniqueIdentifier>
    </Filter>
  </ItemGroup>
  <ItemGroup>
    <ClInclude Include="src\Altair.h" />
    <ClInclude Include="src\Altair\ANode.h">
      <Filter>Altair</Filter>
    </ClInclude>
    <ClInclude Include="src\Altair\Astar.h">
      <Filter>Altair</Filter>
    </ClInclude>
    <ClInclude Include="src\Altair\Core.h">
      <Filter>Altair</Filter>
    </ClInclude>
    <ClInclude Include="src\Altair\ImageGraph.h">
      <Filter>Altair</Filter>
    </ClInclude>
    <ClInclude Include="src\Altair\Log.h">
      <Filter>Altair</Filter>
    </ClInclude>
    <ClInclude Include="src\Altair\Node.h">
      <Filter>Altair</Filter>
    </ClInclude>
    <ClInclude Include="src\Altair\Visuals.h">
      <Filter>Altair</Filter>
    </ClInclude>
  </ItemGroup>
  <ItemGroup>
    <ClCompile Include="src\Altair\ANode.cpp">
      <Filter>Altair</Filter>
    </ClCompile>
    <ClCompile Include="src\Altair\Astar.cpp">
      <Filter>Altair</Filter>
    </ClCompile>
    <ClCompile Include="src\Altair\ImageGraph.cpp">
      <Filter>Altair</Filter>
    </ClCompile>
    <ClCompile Include="src\Altair\Log.cpp">
      <Filter>Altair</Filter>
    </ClCompile>
    <ClCompile Include="src\Altair\Node.cpp">
      <Filter>Altair</Filter>
    </ClCompile>
    <ClCompile Include="src\Altair\Visuals.cpp">
      <Filter>Altair</Filter>
    </ClCompile>
  </ItemGroup>
</Project>